<?xml version="1.0" encoding="UTF-8"?>
<Scheme
   LastUpgradeVersion = "0730"
   version = "1.3">
   <BuildAction
      parallelizeBuildables = "YES"
      buildImplicitDependencies = "YES">
      <BuildActionEntries>
         <BuildActionEntry
            buildForTesting = "YES"
            buildForRunning = "YES"
            buildForProfiling = "YES"
            buildForArchiving = "YES"
            buildForAnalyzing = "YES">
            <BuildableReference
               BuildableIdentifier = "primary"
               BlueprintIdentifier = "3C43C3B11C55E607007D2237"
               BuildableName = "iOS&#x8d85;S&#x7ea7;&#x63a7;&#x4ef6;&#x8868;.app"
               BlueprintName = "iOS&#x8d85;S&#x7ea7;&#x63a7;&#x4ef6;&#x8868;"
               ReferencedContainer = "container:iOS&#x8d85;S&#x7ea7;&#x63a7;&#x4ef6;&#x8868;.xcodeproj">
            </BuildableReference>
         </BuildActionEntry>
      </BuildActionEntries>
   </BuildAction>
   <TestAction
      buildConfiguration = "Debug"
      selectedDebuggerIdentifier = "Xcode.DebuggerFoundation.Debugger.LLDB"
      selectedLauncherIdentifier = "Xcode.DebuggerFoundation.Launcher.LLDB"
      shouldUseLaunchSchemeArgsEnv = "YES">
      <Testables>
         <TestableReference
            skipped = "NO">
            <BuildableReference
               BuildableIdentifier = "primary"
               BlueprintIdentifier = "3C43C3CA1C55E607007D2237"
               BuildableName = "iOS&#x8d85;S&#x7ea7;&#x63a7;&#x4ef6;&#x8868;Tests.xctest"
               BlueprintName = "iOS&#x8d85;S&#x7ea7;&#x63a7;&#x4ef6;&#x8868;Tests"
               ReferencedContainer = "container:iOS&#x8d85;S&#x7ea7;&#x63a7;&#x4ef6;&#x8868;.xcodeproj">
            </BuildableReference>
         </TestableReference>
         <TestableReference
            skipped = "NO">
            <BuildableReference
               BuildableIdentifier = "primary"
               BlueprintIdentifier = "3C43C3D51C55E607007D2237"
               BuildableName = "iOS&#x8d85;S&#x7ea7;&#x63a7;&#x4ef6;&#x8868;UITests.xctest"
               BlueprintName = "iOS&#x8d85;S&#x7ea7;&#x63a7;&#x4ef6;&#x8868;UITests"
               ReferencedContainer = "container:iOS&#x8d85;S&#x7ea7;&#x63a7;&#x4ef6;&#x8868;.xcodeproj">
            </BuildableReference>
         </TestableReference>
      </Testables>
      <MacroExpansion>
         <BuildableReference
            BuildableIdentifier = "primary"
            BlueprintIdentifier = "3C43C3B11C55E607007D2237"
            BuildableName = "iOS&#x8d85;S&#x7ea7;&#x63a7;&#x4ef6;&#x8868;.app"
            BlueprintName = "iOS&#x8d85;S&#x7ea7;&#x63a7;&#x4ef6;&#x8868;"
            ReferencedContainer = "container:iOS&#x8d85;S&#x7ea7;&#x63a7;&#x4ef6;&#x8868;.xcodeproj">
         </BuildableReference>
      </MacroExpansion>
      <AdditionalOptions>
      </AdditionalOptions>
   </TestAction>
   <LaunchAction
      buildConfiguration = "Debug"
      selectedDebuggerIdentifier = "Xcode.DebuggerFoundation.Debugger.LLDB"
      selectedLauncherIdentifier = "Xcode.DebuggerFoundation.Launcher.LLDB"
      launchStyle = "0"
      useCustomWorkingDirectory = "NO"
      ignoresPersistentStateOnLaunch = "NO"
      debugDocumentVersioning = "YES"
      debugServiceExtension = "internal"
      allowLocationSimulation = "YES">
      <BuildableProductRunnable
         runnableDebuggingMode = "0">
         <BuildableReference
            BuildableIdentifier = "primary"
            BlueprintIdentifier = "3C43C3B11C55E607007D2237"
            BuildableName = "iOS&#x8d85;S&#x7ea7;&#x63a7;&#x4ef6;&#x8868;.app"
            BlueprintName = "iOS&#x8d85;S&#x7ea7;&#x63a7;&#x4ef6;&#x8868;"
            ReferencedContainer = "container:iOS&#x8d85;S&#x7ea7;&#x63a7;&#x4ef6;&#x8868;.xcodeproj">
         </BuildableReference>
      </BuildableProductRunnable>
      <AdditionalOptions>
      </AdditionalOptions>
   </LaunchAction>
   <ProfileAction
      buildConfiguration = "Release"
      shouldUseLaunchSchemeArgsEnv = "YES"
      savedToolIdentifier = ""
      useCustomWorkingDirectory = "NO"
      debugDocumentVersioning = "YES">
      <BuildableProductRunnable
         runnableDebuggingMode = "0">
         <BuildableReference
            BuildableIdentifier = "primary"
            BlueprintIdentifier = "3C43C3B11C55E607007D2237"
            BuildableName = "iOS&#x8d85;S&#x7ea7;&#x63a7;&#x4ef6;&#x8868;.app"
            BlueprintName = "iOS&#x8d85;S&#x7ea7;&#x63a7;&#x4ef6;&#x8868;"
            ReferencedContainer = "container:iOS&#x8d85;S&#x7ea7;&#x63a7;&#x4ef6;&#x8868;.xcodeproj">
         </BuildableReference>
      </BuildableProductRunnable>
   </ProfileAction>
   <AnalyzeAction
      buildConfiguration = "Debug">
   </AnalyzeAction>
   <ArchiveAction
      buildConfiguration = "Release"
      revealArchiveInOrganizer = "YES">
   </ArchiveAction>
</Scheme>
